
Microsoft Visual Studio Solution File, Format Version 12.00
# Visual Studio Version 17
VisualStudioVersion = 17.2.32630.192
MinimumVisualStudioVersion = 10.0.40219.1
Project("{9A19103F-16F7-4668-BE54-9A1E7A4F7556}") = "UserManagerApi", "src\UserManagerApi\UserManagerApi.csproj", "{C9AA1FC0-4323-466D-A0E3-A53F1523804D}"
EndProject
Project("{9A19103F-16F7-4668-BE54-9A1E7A4F7556}") = "OrderManagerApi", "src\OrderManagerApi\OrderManagerApi.csproj", "{C1BF6019-E293-4BDC-8CD6-00AAB9861F8B}"
EndProject
Project("{9A19103F-16F7-4668-BE54-9A1E7A4F7556}") = "ProductManagerApi", "src\ProductManagerApi\ProductManagerApi.csproj", "{AE98C1B2-EB93-48C4-BE6A-F759AAEBFFD3}"
EndProject
Project("{9A19103F-16F7-4668-BE54-9A1E7A4F7556}") = "OrderingEngine", "src\OrderingEngine\OrderingEngine.csproj", "{64BA53FE-E553-47F9-AFB5-884BD2AA0D54}"
EndProject
Project("{9A19103F-16F7-4668-BE54-9A1E7A4F7556}") = "UserResourceAccess", "src\UserResourceAccess\UserResourceAccess.csproj", "{6479438D-64DE-4542-A3CC-9D4B3238B6F5}"
EndProject
Project("{9A19103F-16F7-4668-BE54-9A1E7A4F7556}") = "OrderResourceAccess", "src\OrderResourceAccess\OrderResourceAccess.csproj", "{3541AC43-9FBE-4AFD-9D9F-BC8066E8A0B4}"
EndProject
Project("{9A19103F-16F7-4668-BE54-9A1E7A4F7556}") = "ProductResourceAccess", "src\ProductResourceAccess\ProductResourceAccess.csproj", "{541430B6-3E00-4679-8662-F37A9F9E3FBD}"
EndProject
Project("{FAE04EC0-301F-11D3-BF4B-00C04F79EFBC}") = "OrderingEngineTests", "tests\OrderingEngineTests\OrderingEngineTests.csproj", "{3DB364DD-CF10-45D9-BE44-A06E5BED89BF}"
EndProject
Project("{9A19103F-16F7-4668-BE54-9A1E7A4F7556}") = "OrderResourceAccessTests", "tests\OrderResourceAccessTests\OrderResourceAccessTests.csproj", "{3EEFDCF4-D117-4473-85C1-228D2C04EE1B}"
EndProject
Project("{9A19103F-16F7-4668-BE54-9A1E7A4F7556}") = "ProductManagerApiTests", "tests\ProductManagerApiTests\ProductManagerApiTests.csproj", "{05BA75F2-C3DF-4B3B-B982-C99157DA1C6B}"
EndProject
Project("{9A19103F-16F7-4668-BE54-9A1E7A4F7556}") = "ProductResourceAccessTests", "tests\ProductResourceAccessTests\ProductResourceAccessTests.csproj", "{5FC0FF02-8D69-4CC4-B191-3F7807A1CE4A}"
EndProject
Project("{9A19103F-16F7-4668-BE54-9A1E7A4F7556}") = "OrderManagerApiTests", "tests\OrderManagerApiTests\OrderManagerApiTests.csproj", "{1C5D97C1-BF8D-4E4D-ABE0-236EEDA0043B}"
EndProject
Project("{9A19103F-16F7-4668-BE54-9A1E7A4F7556}") = "UserManagerApiTests", "tests\UserManagerApiTests\UserManagerApiTests.csproj", "{14C608E9-FB05-4EF4-ABC7-66B65064C0C1}"
EndProject
Project("{9A19103F-16F7-4668-BE54-9A1E7A4F7556}") = "UserResourceAccessTests", "tests\UserResourceAccessTests\UserResourceAccessTests.csproj", "{0D23E9BE-97AD-446C-A928-6337A13802FC}"
EndProject
Global
	GlobalSection(SolutionConfigurationPlatforms) = preSolution
		Debug|Any CPU = Debug|Any CPU
		Release|Any CPU = Release|Any CPU
	EndGlobalSection
	GlobalSection(ProjectConfigurationPlatforms) = postSolution
		{C9AA1FC0-4323-466D-A0E3-A53F1523804D}.Debug|Any CPU.ActiveCfg = Debug|Any CPU
		{C9AA1FC0-4323-466D-A0E3-A53F1523804D}.Debug|Any CPU.Build.0 = Debug|Any CPU
		{C9AA1FC0-4323-466D-A0E3-A53F1523804D}.Release|Any CPU.ActiveCfg = Release|Any CPU
		{C9AA1FC0-4323-466D-A0E3-A53F1523804D}.Release|Any CPU.Build.0 = Release|Any CPU
		{C1BF6019-E293-4BDC-8CD6-00AAB9861F8B}.Debug|Any CPU.ActiveCfg = Debug|Any CPU
		{C1BF6019-E293-4BDC-8CD6-00AAB9861F8B}.Debug|Any CPU.Build.0 = Debug|Any CPU
		{C1BF6019-E293-4BDC-8CD6-00AAB9861F8B}.Release|Any CPU.ActiveCfg = Release|Any CPU
		{C1BF6019-E293-4BDC-8CD6-00AAB9861F8B}.Release|Any CPU.Build.0 = Release|Any CPU
		{AE98C1B2-EB93-48C4-BE6A-F759AAEBFFD3}.Debug|Any CPU.ActiveCfg = Debug|Any CPU
		{AE98C1B2-EB93-48C4-BE6A-F759AAEBFFD3}.Debug|Any CPU.Build.0 = Debug|Any CPU
		{AE98C1B2-EB93-48C4-BE6A-F759AAEBFFD3}.Release|Any CPU.ActiveCfg = Release|Any CPU
		{AE98C1B2-EB93-48C4-BE6A-F759AAEBFFD3}.Release|Any CPU.Build.0 = Release|Any CPU
		{64BA53FE-E553-47F9-AFB5-884BD2AA0D54}.Debug|Any CPU.ActiveCfg = Debug|Any CPU
		{64BA53FE-E553-47F9-AFB5-884BD2AA0D54}.Debug|Any CPU.Build.0 = Debug|Any CPU
		{64BA53FE-E553-47F9-AFB5-884BD2AA0D54}.Release|Any CPU.ActiveCfg = Release|Any CPU
		{64BA53FE-E553-47F9-AFB5-884BD2AA0D54}.Release|Any CPU.Build.0 = Release|Any CPU
		{6479438D-64DE-4542-A3CC-9D4B3238B6F5}.Debug|Any CPU.ActiveCfg = Debug|Any CPU
		{6479438D-64DE-4542-A3CC-9D4B3238B6F5}.Debug|Any CPU.Build.0 = Debug|Any CPU
		{6479438D-64DE-4542-A3CC-9D4B3238B6F5}.Release|Any CPU.ActiveCfg = Release|Any CPU
		{6479438D-64DE-4542-A3CC-9D4B3238B6F5}.Release|Any CPU.Build.0 = Release|Any CPU
		{3541AC43-9FBE-4AFD-9D9F-BC8066E8A0B4}.Debug|Any CPU.ActiveCfg = Debug|Any CPU
		{3541AC43-9FBE-4AFD-9D9F-BC8066E8A0B4}.Debug|Any CPU.Build.0 = Debug|Any CPU
		{3541AC43-9FBE-4AFD-9D9F-BC8066E8A0B4}.Release|Any CPU.ActiveCfg = Release|Any CPU
		{3541AC43-9FBE-4AFD-9D9F-BC8066E8A0B4}.Release|Any CPU.Build.0 = Release|Any CPU
		{541430B6-3E00-4679-8662-F37A9F9E3FBD}.Debug|Any CPU.ActiveCfg = Debug|Any CPU
		{541430B6-3E00-4679-8662-F37A9F9E3FBD}.Debug|Any CPU.Build.0 = Debug|Any CPU
		{541430B6-3E00-4679-8662-F37A9F9E3FBD}.Release|Any CPU.ActiveCfg = Release|Any CPU
		{541430B6-3E00-4679-8662-F37A9F9E3FBD}.Release|Any CPU.Build.0 = Release|Any CPU
		{3DB364DD-CF10-45D9-BE44-A06E5BED89BF}.Debug|Any CPU.ActiveCfg = Debug|Any CPU
		{3DB364DD-CF10-45D9-BE44-A06E5BED89BF}.Debug|Any CPU.Build.0 = Debug|Any CPU
		{3DB364DD-CF10-45D9-BE44-A06E5BED89BF}.Release|Any CPU.ActiveCfg = Release|Any CPU
		{3DB364DD-CF10-45D9-BE44-A06E5BED89BF}.Release|Any CPU.Build.0 = Release|Any CPU
		{3EEFDCF4-D117-4473-85C1-228D2C04EE1B}.Debug|Any CPU.ActiveCfg = Debug|Any CPU
		{3EEFDCF4-D117-4473-85C1-228D2C04EE1B}.Debug|Any CPU.Build.0 = Debug|Any CPU
		{3EEFDCF4-D117-4473-85C1-228D2C04EE1B}.Release|Any CPU.ActiveCfg = Release|Any CPU
		{3EEFDCF4-D117-4473-85C1-228D2C04EE1B}.Release|Any CPU.Build.0 = Release|Any CPU
		{05BA75F2-C3DF-4B3B-B982-C99157DA1C6B}.Debug|Any CPU.ActiveCfg = Debug|Any CPU
		{05BA75F2-C3DF-4B3B-B982-C99157DA1C6B}.Debug|Any CPU.Build.0 = Debug|Any CPU
		{05BA75F2-C3DF-4B3B-B982-C99157DA1C6B}.Release|Any CPU.ActiveCfg = Release|Any CPU
		{05BA75F2-C3DF-4B3B-B982-C99157DA1C6B}.Release|Any CPU.Build.0 = Release|Any CPU
		{5FC0FF02-8D69-4CC4-B191-3F7807A1CE4A}.Debug|Any CPU.ActiveCfg = Debug|Any CPU
		{5FC0FF02-8D69-4CC4-B191-3F7807A1CE4A}.Debug|Any CPU.Build.0 = Debug|Any CPU
		{5FC0FF02-8D69-4CC4-B191-3F7807A1CE4A}.Release|Any CPU.ActiveCfg = Release|Any CPU
		{5FC0FF02-8D69-4CC4-B191-3F7807A1CE4A}.Release|Any CPU.Build.0 = Release|Any CPU
		{1C5D97C1-BF8D-4E4D-ABE0-236EEDA0043B}.Debug|Any CPU.ActiveCfg = Debug|Any CPU
		{1C5D97C1-BF8D-4E4D-ABE0-236EEDA0043B}.Debug|Any CPU.Build.0 = Debug|Any CPU
		{1C5D97C1-BF8D-4E4D-ABE0-236EEDA0043B}.Release|Any CPU.ActiveCfg = Release|Any CPU
		{1C5D97C1-BF8D-4E4D-ABE0-236EEDA0043B}.Release|Any CPU.Build.0 = Release|Any CPU
		{14C608E9-FB05-4EF4-ABC7-66B65064C0C1}.Debug|Any CPU.ActiveCfg = Debug|Any CPU
		{14C608E9-FB05-4EF4-ABC7-66B65064C0C1}.Debug|Any CPU.Build.0 = Debug|Any CPU
		{14C608E9-FB05-4EF4-ABC7-66B65064C0C1}.Release|Any CPU.ActiveCfg = Release|Any CPU
		{14C608E9-FB05-4EF4-ABC7-66B65064C0C1}.Release|Any CPU.Build.0 = Release|Any CPU
		{0D23E9BE-97AD-446C-A928-6337A13802FC}.Debug|Any CPU.ActiveCfg = Debug|Any CPU
		{0D23E9BE-97AD-446C-A928-6337A13802FC}.Debug|Any CPU.Build.0 = Debug|Any CPU
		{0D23E9BE-97AD-446C-A928-6337A13802FC}.Release|Any CPU.ActiveCfg = Release|Any CPU
		{0D23E9BE-97AD-446C-A928-6337A13802FC}.Release|Any CPU.Build.0 = Release|Any CPU
	EndGlobalSection
	GlobalSection(SolutionProperties) = preSolution
		HideSolutionNode = FALSE
	EndGlobalSection
	GlobalSection(ExtensibilityGlobals) = postSolution
		SolutionGuid = {F869A248-2F7C-402F-AF25-5BF7BB2E4E94}
	EndGlobalSection
EndGlobal
